{
  "name": "@jbend/trimble-auth",
  "version": "0.0.2",
  "lockfileVersion": 2,
  "requires": true,
  "packages": {
    "": {
      "name": "@jbend/trimble-auth",
      "version": "0.0.2",
      "dependencies": {
        "@panva/oauth4webapi": "^0.6.1"
      },
      "devDependencies": {
        "typescript": "^4.6.4"
      }
    },
    "node_modules/@panva/oauth4webapi": {
      "version": "0.6.1",
      "resolved": "https://registry.npmjs.org/@panva/oauth4webapi/-/oauth4webapi-0.6.1.tgz",
      "integrity": "sha512-Gt3K6BWEr81SdLaiARl1GVZPkmWqUShAgFyh2ixD7doNPHrV44IiEAi6lRzYVd4FegzGF4MLenoNCCFf8XgKvg==",
      "funding": {
        "url": "https://github.com/sponsors/panva"
      }
    },
    "node_modules/typescript": {
      "version": "4.6.4",
      "resolved": "https://registry.npmjs.org/typescript/-/typescript-4.6.4.tgz",
      "integrity": "sha512-9ia/jWHIEbo49HfjrLGfKbZSuWo9iTMwXO+Ca3pRsSpbsMbc7/IU8NKdCZVRRBafVPGnoJeFL76ZOAA84I9fEg==",
      "dev": true,
      "bin": {
        "tsc": "bin/tsc",
        "tsserver": "bin/tsserver"
      },
      "engines": {
        "node": ">=4.2.0"
      }
    }
  },
  "dependencies": {
    "@panva/oauth4webapi": {
      "version": "0.6.1",
      "resolved": "https://registry.npmjs.org/@panva/oauth4webapi/-/oauth4webapi-0.6.1.tgz",
      "integrity": "sha512-Gt3K6BWEr81SdLaiARl1GVZPkmWqUShAgFyh2ixD7doNPHrV44IiEAi6lRzYVd4FegzGF4MLenoNCCFf8XgKvg=="
    },
    "typescript": {
      "version": "4.6.4",
      "resolved": "https://registry.npmjs.org/typescript/-/typescript-4.6.4.tgz",
      "integrity": "sha512-9ia/jWHIEbo49HfjrLGfKbZSuWo9iTMwXO+Ca3pRsSpbsMbc7/IU8NKdCZVRRBafVPGnoJeFL76ZOAA84I9fEg==",
      "dev": true
    }
  }
}
